
Microsoft Visual Studio Solution File, Format Version 12.00
# Visual Studio Version 16
VisualStudioVersion = 16.0.29409.12
MinimumVisualStudioVersion = 10.0.40219.1
Project("{9A19103F-16F7-4668-BE54-9A1E7A4F7556}") = "DataLibrary", "DataAccess\DataLibrary.csproj", "{9991A260-932D-412B-A504-C3B1497805FA}"
EndProject
Project("{00D1A9C2-B5F0-4AF3-8072-F6C62B433612}") = "TestCreatorDatabase", "TestCreatorDatabase\TestCreatorDatabase.sqlproj", "{0CD66DDD-65CF-4AD0-968E-70126E3AC904}"
EndProject
Project("{9A19103F-16F7-4668-BE54-9A1E7A4F7556}") = "TestCreator", "TestCreator\TestCreator.csproj", "{3EE922E9-A771-4D98-9947-95707EBEFD86}"
EndProject
Global
	GlobalSection(SolutionConfigurationPlatforms) = preSolution
		Debug|Any CPU = Debug|Any CPU
		Release|Any CPU = Release|Any CPU
	EndGlobalSection
	GlobalSection(ProjectConfigurationPlatforms) = postSolution
		{9991A260-932D-412B-A504-C3B1497805FA}.Debug|Any CPU.ActiveCfg = Debug|Any CPU
		{9991A260-932D-412B-A504-C3B1497805FA}.Debug|Any CPU.Build.0 = Debug|Any CPU
		{9991A260-932D-412B-A504-C3B1497805FA}.Release|Any CPU.ActiveCfg = Release|Any CPU
		{9991A260-932D-412B-A504-C3B1497805FA}.Release|Any CPU.Build.0 = Release|Any CPU
		{0CD66DDD-65CF-4AD0-968E-70126E3AC904}.Debug|Any CPU.ActiveCfg = Debug|Any CPU
		{0CD66DDD-65CF-4AD0-968E-70126E3AC904}.Debug|Any CPU.Build.0 = Debug|Any CPU
		{0CD66DDD-65CF-4AD0-968E-70126E3AC904}.Debug|Any CPU.Deploy.0 = Debug|Any CPU
		{0CD66DDD-65CF-4AD0-968E-70126E3AC904}.Release|Any CPU.ActiveCfg = Release|Any CPU
		{0CD66DDD-65CF-4AD0-968E-70126E3AC904}.Release|Any CPU.Build.0 = Release|Any CPU
		{0CD66DDD-65CF-4AD0-968E-70126E3AC904}.Release|Any CPU.Deploy.0 = Release|Any CPU
		{3EE922E9-A771-4D98-9947-95707EBEFD86}.Debug|Any CPU.ActiveCfg = Debug|Any CPU
		{3EE922E9-A771-4D98-9947-95707EBEFD86}.Debug|Any CPU.Build.0 = Debug|Any CPU
		{3EE922E9-A771-4D98-9947-95707EBEFD86}.Release|Any CPU.ActiveCfg = Release|Any CPU
		{3EE922E9-A771-4D98-9947-95707EBEFD86}.Release|Any CPU.Build.0 = Release|Any CPU
	EndGlobalSection
	GlobalSection(SolutionProperties) = preSolution
		HideSolutionNode = FALSE
	EndGlobalSection
	GlobalSection(ExtensibilityGlobals) = postSolution
		SolutionGuid = {5EEA4D29-5CF3-48F7-AA8D-E1805D290311}
	EndGlobalSection
EndGlobal
